// !$*UTF8*$!
{
	archiveVersion = 1;
	classes = {
	};
	objectVersion = 48;
	objects = {

/* Begin PBXBuildFile section */
		6F7638851FB2959700690DE2 /* Flags in Resources */ = {isa = PBXBuildFile; fileRef = 6F7638841FB2959700690DE2 /* Flags */; };
		6F7638881FB295D000690DE2 /* MasterTableViewController.m in Sources */ = {isa = PBXBuildFile; fileRef = 6F7638871FB295D000690DE2 /* MasterTableViewController.m */; };
		6F76388B1FB295E500690DE2 /* DetailViewController.m in Sources */ = {isa = PBXBuildFile; fileRef = 6F76388A1FB295E500690DE2 /* DetailViewController.m */; };
		6F76388E1FB2960E00690DE2 /* States.m in Sources */ = {isa = PBXBuildFile; fileRef = 6F76388D1FB2960E00690DE2 /* States.m */; };
		CEAC58191FB1462300C90E3C /* AppDelegate.m in Sources */ = {isa = PBXBuildFile; fileRef = CEAC58181FB1462300C90E3C /* AppDelegate.m */; };
		CEAC581F1FB1462300C90E3C /* Main.storyboard in Resources */ = {isa = PBXBuildFile; fileRef = CEAC581D1FB1462300C90E3C /* Main.storyboard */; };
		CEAC58211FB1462300C90E3C /* Assets.xcassets in Resources */ = {isa = PBXBuildFile; fileRef = CEAC58201FB1462300C90E3C /* Assets.xcassets */; };
		CEAC58241FB1462300C90E3C /* LaunchScreen.storyboard in Resources */ = {isa = PBXBuildFile; fileRef = CEAC58221FB1462300C90E3C /* LaunchScreen.storyboard */; };
		CEAC58271FB1462300C90E3C /* main.m in Sources */ = {isa = PBXBuildFile; fileRef = CEAC58261FB1462300C90E3C /* main.m */; };
		CEAC582F1FB1466B00C90E3C /* USStateInfo.plist in Resources */ = {isa = PBXBuildFile; fileRef = CEAC582E1FB1466B00C90E3C /* USStateInfo.plist */; };
/* End PBXBuildFile section */

/* Begin PBXFileReference section */
		6F7638841FB2959700690DE2 /* Flags */ = {isa = PBXFileReference; lastKnownFileType = folder; path = Flags; sourceTree = "<group>"; };
		6F7638861FB295D000690DE2 /* MasterTableViewController.h */ = {isa = PBXFileReference; lastKnownFileType = sourcecode.c.h; path = MasterTableViewController.h; sourceTree = "<group>"; };
		6F7638871FB295D000690DE2 /* MasterTableViewController.m */ = {isa = PBXFileReference; lastKnownFileType = sourcecode.c.objc; path = MasterTableViewController.m; sourceTree = "<group>"; };
		6F7638891FB295E500690DE2 /* DetailViewController.h */ = {isa = PBXFileReference; lastKnownFileType = sourcecode.c.h; path = DetailViewController.h; sourceTree = "<group>"; };
		6F76388A1FB295E500690DE2 /* DetailViewController.m */ = {isa = PBXFileReference; lastKnownFileType = sourcecode.c.objc; path = DetailViewController.m; sourceTree = "<group>"; };
		6F76388C1FB2960E00690DE2 /* States.h */ = {isa = PBXFileReference; lastKnownFileType = sourcecode.c.h; path = States.h; sourceTree = "<group>"; };
		6F76388D1FB2960E00690DE2 /* States.m */ = {isa = PBXFileReference; lastKnownFileType = sourcecode.c.objc; path = States.m; sourceTree = "<group>"; };
		CEAC58141FB1462300C90E3C /* ICW04-USStatesWithPList.app */ = {isa = PBXFileReference; explicitFileType = wrapper.application; includeInIndex = 0; path = "ICW04-USStatesWithPList.app"; sourceTree = BUILT_PRODUCTS_DIR; };
		CEAC58171FB1462300C90E3C /* AppDelegate.h */ = {isa = PBXFileReference; lastKnownFileType = sourcecode.c.h; path = AppDelegate.h; sourceTree = "<group>"; };
		CEAC58181FB1462300C90E3C /* AppDelegate.m */ = {isa = PBXFileReference; lastKnownFileType = sourcecode.c.objc; path = AppDelegate.m; sourceTree = "<group>"; };
		CEAC581E1FB1462300C90E3C /* Base */ = {isa = PBXFileReference; lastKnownFileType = file.storyboard; name = Base; path = Base.lproj/Main.storyboard; sourceTree = "<group>"; };
		CEAC58201FB1462300C90E3C /* Assets.xcassets */ = {isa = PBXFileReference; lastKnownFileType = folder.assetcatalog; path = Assets.xcassets; sourceTree = "<group>"; };
		CEAC58231FB1462300C90E3C /* Base */ = {isa = PBXFileReference; lastKnownFileType = file.storyboard; name = Base; path = Base.lproj/LaunchScreen.storyboard; sourceTree = "<group>"; };
		CEAC58251FB1462300C90E3C /* Info.plist */ = {isa = PBXFileReference; lastKnownFileType = text.plist.xml; path = Info.plist; sourceTree = "<group>"; };
		CEAC58261FB1462300C90E3C /* main.m */ = {isa = PBXFileReference; lastKnownFileType = sourcecode.c.objc; path = main.m; sourceTree = "<group>"; };
		CEAC582E1FB1466B00C90E3C /* USStateInfo.plist */ = {isa = PBXFileReference; lastKnownFileType = text.plist.xml; path = USStateInfo.plist; sourceTree = "<group>"; };
/* End PBXFileReference section */

/* Begin PBXFrameworksBuildPhase section */
		CEAC58111FB1462300C90E3C /* Frameworks */ = {
			isa = PBXFrameworksBuildPhase;
			buildActionMask = 2147483647;
			files = (
			);
			runOnlyForDeploymentPostprocessing = 0;
		};
/* End PBXFrameworksBuildPhase section */

/* Begin PBXGroup section */
		CEAC580B1FB1462200C90E3C = {
			isa = PBXGroup;
			children = (
				CEAC58161FB1462300C90E3C /* ICW04-USStatesWithPList */,
				CEAC58151FB1462300C90E3C /* Products */,
			);
			sourceTree = "<group>";
		};
		CEAC58151FB1462300C90E3C /* Products */ = {
			isa = PBXGroup;
			children = (
				CEAC58141FB1462300C90E3C /* ICW04-USStatesWithPList.app */,
			);
			name = Products;
			sourceTree = "<group>";
		};
		CEAC58161FB1462300C90E3C /* ICW04-USStatesWithPList */ = {
			isa = PBXGroup;
			children = (
				CEAC581D1FB1462300C90E3C /* Main.storyboard */,
				CEAC58221FB1462300C90E3C /* LaunchScreen.storyboard */,
				6F7638861FB295D000690DE2 /* MasterTableViewController.h */,
				6F7638871FB295D000690DE2 /* MasterTableViewController.m */,
				6F7638891FB295E500690DE2 /* DetailViewController.h */,
				6F76388A1FB295E500690DE2 /* DetailViewController.m */,
				6F76388C1FB2960E00690DE2 /* States.h */,
				6F76388D1FB2960E00690DE2 /* States.m */,
				CEAC58261FB1462300C90E3C /* main.m */,
				CEAC58171FB1462300C90E3C /* AppDelegate.h */,
				CEAC58181FB1462300C90E3C /* AppDelegate.m */,
				CEAC58251FB1462300C90E3C /* Info.plist */,
				6F7638841FB2959700690DE2 /* Flags */,
				CEAC58201FB1462300C90E3C /* Assets.xcassets */,
				CEAC582D1FB1464900C90E3C /* Supporting Files */,
			);
			path = "ICW04-USStatesWithPList";
			sourceTree = "<group>";
		};
		CEAC582D1FB1464900C90E3C /* Supporting Files */ = {
			isa = PBXGroup;
			children = (
				CEAC582E1FB1466B00C90E3C /* USStateInfo.plist */,
			);
			path = "Supporting Files";
			sourceTree = "<group>";
		};
/* End PBXGroup section */

/* Begin PBXNativeTarget section */
		CEAC58131FB1462300C90E3C /* ICW04-USStatesWithPList */ = {
			isa = PBXNativeTarget;
			buildConfigurationList = CEAC582A1FB1462300C90E3C /* Build configuration list for PBXNativeTarget "ICW04-USStatesWithPList" */;
			buildPhases = (
				CEAC58101FB1462300C90E3C /* Sources */,
				CEAC58111FB1462300C90E3C /* Frameworks */,
				CEAC58121FB1462300C90E3C /* Resources */,
			);
			buildRules = (
			);
			dependencies = (
			);
			name = "ICW04-USStatesWithPList";
			productName = "ICW04-USStatesWithPList";
			productReference = CEAC58141FB1462300C90E3C /* ICW04-USStatesWithPList.app */;
			productType = "com.apple.product-type.application";
		};
/* End PBXNativeTarget section */

/* Begin PBXProject section */
		CEAC580C1FB1462200C90E3C /* Project object */ = {
			isa = PBXProject;
			attributes = {
				LastUpgradeCheck = 0900;
				ORGANIZATIONNAME = user;
				TargetAttributes = {
					CEAC58131FB1462300C90E3C = {
						CreatedOnToolsVersion = 9.0.1;
						ProvisioningStyle = Automatic;
					};
				};
			};
			buildConfigurationList = CEAC580F1FB1462200C90E3C /* Build configuration list for PBXProject "ICW04-USStatesWithPList" */;
			compatibilityVersion = "Xcode 8.0";
			developmentRegion = en;
			hasScannedForEncodings = 0;
			knownRegions = (
				en,
				Base,
			);
			mainGroup = CEAC580B1FB1462200C90E3C;
			productRefGroup = CEAC58151FB1462300C90E3C /* Products */;
			projectDirPath = "";
			projectRoot = "";
			targets = (
				CEAC58131FB1462300C90E3C /* ICW04-USStatesWithPList */,
			);
		};
/* End PBXProject section */

/* Begin PBXResourcesBuildPhase section */
		CEAC58121FB1462300C90E3C /* Resources */ = {
			isa = PBXResourcesBuildPhase;
			buildActionMask = 2147483647;
			files = (
				CEAC582F1FB1466B00C90E3C /* USStateInfo.plist in Resources */,
				CEAC58241FB1462300C90E3C /* LaunchScreen.storyboard in Resources */,
				CEAC58211FB1462300C90E3C /* Assets.xcassets in Resources */,
				CEAC581F1FB1462300C90E3C /* Main.storyboard in Resources */,
				6F7638851FB2959700690DE2 /* Flags in Resources */,
			);
			runOnlyForDeploymentPostprocessing = 0;
		};
/* End PBXResourcesBuildPhase section */

/* Begin PBXSourcesBuildPhase section */
		CEAC58101FB1462300C90E3C /* Sources */ = {
			isa = PBXSourcesBuildPhase;
			buildActionMask = 2147483647;
			files = (
				CEAC58271FB1462300C90E3C /* main.m in Sources */,
				CEAC58191FB1462300C90E3C /* AppDelegate.m in Sources */,
				6F76388E1FB2960E00690DE2 /* States.m in Sources */,
				6F7638881FB295D000690DE2 /* MasterTableViewController.m in Sources */,
				6F76388B1FB295E500690DE2 /* DetailViewController.m in Sources */,
			);
			runOnlyForDeploymentPostprocessing = 0;
		};
/* End PBXSourcesBuildPhase section */

/* Begin PBXVariantGroup section */
		CEAC581D1FB1462300C90E3C /* Main.storyboard */ = {
			isa = PBXVariantGroup;
			children = (
				CEAC581E1FB1462300C90E3C /* Base */,
			);
			name = Main.storyboard;
			sourceTree = "<group>";
		};
		CEAC58221FB1462300C90E3C /* LaunchScreen.storyboard */ = {
			isa = PBXVariantGroup;
			children = (
				CEAC58231FB1462300C90E3C /* Base */,
			);
			name = LaunchScreen.storyboard;
			sourceTree = "<group>";
		};
/* End PBXVariantGroup section */

/* Begin XCBuildConfiguration section */
		CEAC58281FB1462300C90E3C /* Debug */ = {
			isa = XCBuildConfiguration;
			buildSettings = {
				ALWAYS_SEARCH_USER_PATHS = NO;
				CLANG_ANALYZER_NONNULL = YES;
				CLANG_ANALYZER_NUMBER_OBJECT_CONVERSION = YES_AGGRESSIVE;
				CLANG_CXX_LANGUAGE_STANDARD = "gnu++14";
				CLANG_CXX_LIBRARY = "libc++";
				CLANG_ENABLE_MODULES = YES;
				CLANG_ENABLE_OBJC_ARC = YES;
				CLANG_WARN_BLOCK_CAPTURE_AUTORELEASING = YES;
				CLANG_WARN_BOOL_CONVERSION = YES;
				CLANG_WARN_COMMA = YES;
				CLANG_WARN_CONSTANT_CONVERSION = YES;
				CLANG_WARN_DIRECT_OBJC_ISA_USAGE = YES_ERROR;
				CLANG_WARN_DOCUMENTATION_COMMENTS = YES;
				CLANG_WARN_EMPTY_BODY = YES;
				CLANG_WARN_ENUM_CONVERSION = YES;
				CLANG_WARN_INFINITE_RECURSION = YES;
				CLANG_WARN_INT_CONVERSION = YES;
				CLANG_WARN_NON_LITERAL_NULL_CONVERSION = YES;
				CLANG_WARN_OBJC_LITERAL_CONVERSION = YES;
				CLANG_WARN_OBJC_ROOT_CLASS = YES_ERROR;
				CLANG_WARN_RANGE_LOOP_ANALYSIS = YES;
				CLANG_WARN_STRICT_PROTOTYPES = YES;
				CLANG_WARN_SUSPICIOUS_MOVE = YES;
				CLANG_WARN_UNGUARDED_AVAILABILITY = YES_AGGRESSIVE;
				CLANG_WARN_UNREACHABLE_CODE = YES;
				CLANG_WARN__DUPLICATE_METHOD_MATCH = YES;
				CODE_SIGN_IDENTITY = "iPhone Developer";
				COPY_PHASE_STRIP = NO;
				DEBUG_INFORMATION_FORMAT = dwarf;
				ENABLE_STRICT_OBJC_MSGSEND = YES;
				ENABLE_TESTABILITY = YES;
				GCC_C_LANGUAGE_STANDARD = gnu11;
				GCC_DYNAMIC_NO_PIC = NO;
				GCC_NO_COMMON_BLOCKS = YES;
				GCC_OPTIMIZATION_LEVEL = 0;
				GCC_PREPROCESSOR_DEFINITIONS = (
					"DEBUG=1",
					"$(inherited)",
				);
				GCC_WARN_64_TO_32_BIT_CONVERSION = YES;
				GCC_WARN_ABOUT_RETURN_TYPE = YES_ERROR;
				GCC_WARN_UNDECLARED_SELECTOR = YES;
				GCC_WARN_UNINITIALIZED_AUTOS = YES_AGGRESSIVE;
				GCC_WARN_UNUSED_FUNCTION = YES;
				GCC_WARN_UNUSED_VARIABLE = YES;
				IPHONEOS_DEPLOYMENT_TARGET = 11.0;
				MTL_ENABLE_DEBUG_INFO = YES;
				ONLY_ACTIVE_ARCH = YES;
				SDKROOT = iphoneos;
			};
			name = Debug;
		};
		CEAC58291FB1462300C90E3C /* Release */ = {
			isa = XCBuildConfiguration;
			buildSettings = {
				ALWAYS_SEARCH_USER_PATHS = NO;
				CLANG_ANALYZER_NONNULL = YES;
				CLANG_ANALYZER_NUMBER_OBJECT_CONVERSION = YES_AGGRESSIVE;
				CLANG_CXX_LANGUAGE_STANDARD = "gnu++14";
				CLANG_CXX_LIBRARY = "libc++";
				CLANG_ENABLE_MODULES = YES;
				CLANG_ENABLE_OBJC_ARC = YES;
				CLANG_WARN_BLOCK_CAPTURE_AUTORELEASING = YES;
				CLANG_WARN_BOOL_CONVERSION = YES;
				CLANG_WARN_COMMA = YES;
				CLANG_WARN_CONSTANT_CONVERSION = YES;
				CLANG_WARN_DIRECT_OBJC_ISA_USAGE = YES_ERROR;
				CLANG_WARN_DOCUMENTATION_COMMENTS = YES;
				CLANG_WARN_EMPTY_BODY = YES;
				CLANG_WARN_ENUM_CONVERSION = YES;
				CLANG_WARN_INFINITE_RECURSION = YES;
				CLANG_WARN_INT_CONVERSION = YES;
				CLANG_WARN_NON_LITERAL_NULL_CONVERSION = YES;
				CLANG_WARN_OBJC_LITERAL_CONVERSION = YES;
				CLANG_WARN_OBJC_ROOT_CLASS = YES_ERROR;
				CLANG_WARN_RANGE_LOOP_ANALYSIS = YES;
				CLANG_WARN_STRICT_PROTOTYPES = YES;
				CLANG_WARN_SUSPICIOUS_MOVE = YES;
				CLANG_WARN_UNGUARDED_AVAILABILITY = YES_AGGRESSIVE;
				CLANG_WARN_UNREACHABLE_CODE = YES;
				CLANG_WARN__DUPLICATE_METHOD_MATCH = YES;
				CODE_SIGN_IDENTITY = "iPhone Developer";
				COPY_PHASE_STRIP = NO;
				DEBUG_INFORMATION_FORMAT = "dwarf-with-dsym";
				ENABLE_NS_ASSERTIONS = NO;
				ENABLE_STRICT_OBJC_MSGSEND = YES;
				GCC_C_LANGUAGE_STANDARD = gnu11;
				GCC_NO_COMMON_BLOCKS = YES;
				GCC_WARN_64_TO_32_BIT_CONVERSION = YES;
				GCC_WARN_ABOUT_RETURN_TYPE = YES_ERROR;
				GCC_WARN_UNDECLARED_SELECTOR = YES;
				GCC_WARN_UNINITIALIZED_AUTOS = YES_AGGRESSIVE;
				GCC_WARN_UNUSED_FUNCTION = YES;
				GCC_WARN_UNUSED_VARIABLE = YES;
				IPHONEOS_DEPLOYMENT_TARGET = 11.0;
				MTL_ENABLE_DEBUG_INFO = NO;
				SDKROOT = iphoneos;
				VALIDATE_PRODUCT = YES;
			};
			name = Release;
		};
		CEAC582B1FB1462300C90E3C /* Debug */ = {
			isa = XCBuildConfiguration;
			buildSettings = {
				ASSETCATALOG_COMPILER_APPICON_NAME = AppIcon;
				CODE_SIGN_STYLE = Automatic;
				INFOPLIST_FILE = "ICW04-USStatesWithPList/Info.plist";
				LD_RUNPATH_SEARCH_PATHS = "$(inherited) @executable_path/Frameworks";
				PRODUCT_BUNDLE_IDENTIFIER = "user.ICW04-USStatesWithPList";
				PRODUCT_NAME = "$(TARGET_NAME)";
				TARGETED_DEVICE_FAMILY = "1,2";
			};
			name = Debug;
		};
		CEAC582C1FB1462300C90E3C /* Release */ = {
			isa = XCBuildConfiguration;
			buildSettings = {
				ASSETCATALOG_COMPILER_APPICON_NAME = AppIcon;
				CODE_SIGN_STYLE = Automatic;
				INFOPLIST_FILE = "ICW04-USStatesWithPList/Info.plist";
				LD_RUNPATH_SEARCH_PATHS = "$(inherited) @executable_path/Frameworks";
				PRODUCT_BUNDLE_IDENTIFIER = "user.ICW04-USStatesWithPList";
				PRODUCT_NAME = "$(TARGET_NAME)";
				TARGETED_DEVICE_FAMILY = "1,2";
			};
			name = Release;
		};
/* End XCBuildConfiguration section */

/* Begin XCConfigurationList section */
		CEAC580F1FB1462200C90E3C /* Build configuration list for PBXProject "ICW04-USStatesWithPList" */ = {
			isa = XCConfigurationList;
			buildConfigurations = (
				CEAC58281FB1462300C90E3C /* Debug */,
				CEAC58291FB1462300C90E3C /* Release */,
			);
			defaultConfigurationIsVisible = 0;
			defaultConfigurationName = Release;
		};
		CEAC582A1FB1462300C90E3C /* Build configuration list for PBXNativeTarget "ICW04-USStatesWithPList" */ = {
			isa = XCConfigurationList;
			buildConfigurations = (
				CEAC582B1FB1462300C90E3C /* Debug */,
				CEAC582C1FB1462300C90E3C /* Release */,
			);
			defaultConfigurationIsVisible = 0;
			defaultConfigurationName = Release;
		};
/* End XCConfigurationList section */
	};
	rootObject = CEAC580C1FB1462200C90E3C /* Project object */;
}
